
Microsoft Visual Studio Solution File, Format Version 12.00
# Visual Studio Version 17
VisualStudioVersion = 17.7.34221.43
MinimumVisualStudioVersion = 10.0.40219.1
Project("{FAE04EC0-301F-11D3-BF4B-00C04F79EFBC}") = "LibraryConsoleApp", "LibraryConsoleApp\LibraryConsoleApp.csproj", "{A98C34B4-8ACE-45C0-83FE-E63BD9891145}"
EndProject
Project("{FAE04EC0-301F-11D3-BF4B-00C04F79EFBC}") = "LibraryModel", "LibraryModel\LibraryModel.csproj", "{AB71A704-8881-4E39-9F1C-54CA510E121B}"
EndProject
Project("{FAE04EC0-301F-11D3-BF4B-00C04F79EFBC}") = "LibraryDbAccess", "LibraryDbAccess\LibraryDbAccess.csproj", "{36F1FF1C-65A2-4247-AA0F-A79A6C5E2A76}"
EndProject
Global
	GlobalSection(SolutionConfigurationPlatforms) = preSolution
		Debug|Any CPU = Debug|Any CPU
		Release|Any CPU = Release|Any CPU
	EndGlobalSection
	GlobalSection(ProjectConfigurationPlatforms) = postSolution
		{A98C34B4-8ACE-45C0-83FE-E63BD9891145}.Debug|Any CPU.ActiveCfg = Debug|Any CPU
		{A98C34B4-8ACE-45C0-83FE-E63BD9891145}.Debug|Any CPU.Build.0 = Debug|Any CPU
		{A98C34B4-8ACE-45C0-83FE-E63BD9891145}.Release|Any CPU.ActiveCfg = Release|Any CPU
		{A98C34B4-8ACE-45C0-83FE-E63BD9891145}.Release|Any CPU.Build.0 = Release|Any CPU
		{AB71A704-8881-4E39-9F1C-54CA510E121B}.Debug|Any CPU.ActiveCfg = Debug|Any CPU
		{AB71A704-8881-4E39-9F1C-54CA510E121B}.Debug|Any CPU.Build.0 = Debug|Any CPU
		{AB71A704-8881-4E39-9F1C-54CA510E121B}.Release|Any CPU.ActiveCfg = Release|Any CPU
		{AB71A704-8881-4E39-9F1C-54CA510E121B}.Release|Any CPU.Build.0 = Release|Any CPU
		{36F1FF1C-65A2-4247-AA0F-A79A6C5E2A76}.Debug|Any CPU.ActiveCfg = Debug|Any CPU
		{36F1FF1C-65A2-4247-AA0F-A79A6C5E2A76}.Debug|Any CPU.Build.0 = Debug|Any CPU
		{36F1FF1C-65A2-4247-AA0F-A79A6C5E2A76}.Release|Any CPU.ActiveCfg = Release|Any CPU
		{36F1FF1C-65A2-4247-AA0F-A79A6C5E2A76}.Release|Any CPU.Build.0 = Release|Any CPU
	EndGlobalSection
	GlobalSection(SolutionProperties) = preSolution
		HideSolutionNode = FALSE
	EndGlobalSection
	GlobalSection(ExtensibilityGlobals) = postSolution
		SolutionGuid = {B5DAEC27-0DE1-41F0-9958-120445F38C84}
	EndGlobalSection
EndGlobal
